// !$*UTF8*$!
{
	archiveVersion = 1;
	classes = {
	};
	objectVersion = 46;
	objects = {

/* Begin PBXBuildFile section */
		D6D3264C1F60F873007CD8A8 /* AppDelegate.swift in Sources */ = {isa = PBXBuildFile; fileRef = D6D3264B1F60F873007CD8A8 /* AppDelegate.swift */; };
		D6D3264E1F60F873007CD8A8 /* ViewController.swift in Sources */ = {isa = PBXBuildFile; fileRef = D6D3264D1F60F873007CD8A8 /* ViewController.swift */; };
		D6D326511F60F873007CD8A8 /* Main.storyboard in Resources */ = {isa = PBXBuildFile; fileRef = D6D3264F1F60F873007CD8A8 /* Main.storyboard */; };
		D6D326531F60F873007CD8A8 /* Assets.xcassets in Resources */ = {isa = PBXBuildFile; fileRef = D6D326521F60F873007CD8A8 /* Assets.xcassets */; };
		D6D326561F60F873007CD8A8 /* LaunchScreen.storyboard in Resources */ = {isa = PBXBuildFile; fileRef = D6D326541F60F873007CD8A8 /* LaunchScreen.storyboard */; };
		D6D326611F60F873007CD8A8 /* coldCallTests.swift in Sources */ = {isa = PBXBuildFile; fileRef = D6D326601F60F873007CD8A8 /* coldCallTests.swift */; };
		D6D3266C1F60F873007CD8A8 /* coldCallUITests.swift in Sources */ = {isa = PBXBuildFile; fileRef = D6D3266B1F60F873007CD8A8 /* coldCallUITests.swift */; };
/* End PBXBuildFile section */

/* Begin PBXContainerItemProxy section */
		D6D3265D1F60F873007CD8A8 /* PBXContainerItemProxy */ = {
			isa = PBXContainerItemProxy;
			containerPortal = D6D326401F60F873007CD8A8 /* Project object */;
			proxyType = 1;
			remoteGlobalIDString = D6D326471F60F873007CD8A8;
			remoteInfo = coldCall;
		};
		D6D326681F60F873007CD8A8 /* PBXContainerItemProxy */ = {
			isa = PBXContainerItemProxy;
			containerPortal = D6D326401F60F873007CD8A8 /* Project object */;
			proxyType = 1;
			remoteGlobalIDString = D6D326471F60F873007CD8A8;
			remoteInfo = coldCall;
		};
/* End PBXContainerItemProxy section */

/* Begin PBXFileReference section */
		D6D326481F60F873007CD8A8 /* coldCall.app */ = {isa = PBXFileReference; explicitFileType = wrapper.application; includeInIndex = 0; path = coldCall.app; sourceTree = BUILT_PRODUCTS_DIR; };
		D6D3264B1F60F873007CD8A8 /* AppDelegate.swift */ = {isa = PBXFileReference; lastKnownFileType = sourcecode.swift; path = AppDelegate.swift; sourceTree = "<group>"; };
		D6D3264D1F60F873007CD8A8 /* ViewController.swift */ = {isa = PBXFileReference; lastKnownFileType = sourcecode.swift; path = ViewController.swift; sourceTree = "<group>"; };
		D6D326501F60F873007CD8A8 /* Base */ = {isa = PBXFileReference; lastKnownFileType = file.storyboard; name = Base; path = Base.lproj/Main.storyboard; sourceTree = "<group>"; };
		D6D326521F60F873007CD8A8 /* Assets.xcassets */ = {isa = PBXFileReference; lastKnownFileType = folder.assetcatalog; path = Assets.xcassets; sourceTree = "<group>"; };
		D6D326551F60F873007CD8A8 /* Base */ = {isa = PBXFileReference; lastKnownFileType = file.storyboard; name = Base; path = Base.lproj/LaunchScreen.storyboard; sourceTree = "<group>"; };
		D6D326571F60F873007CD8A8 /* Info.plist */ = {isa = PBXFileReference; lastKnownFileType = text.plist.xml; path = Info.plist; sourceTree = "<group>"; };
		D6D3265C1F60F873007CD8A8 /* coldCallTests.xctest */ = {isa = PBXFileReference; explicitFileType = wrapper.cfbundle; includeInIndex = 0; path = coldCallTests.xctest; sourceTree = BUILT_PRODUCTS_DIR; };
		D6D326601F60F873007CD8A8 /* coldCallTests.swift */ = {isa = PBXFileReference; lastKnownFileType = sourcecode.swift; path = coldCallTests.swift; sourceTree = "<group>"; };
		D6D326621F60F873007CD8A8 /* Info.plist */ = {isa = PBXFileReference; lastKnownFileType = text.plist.xml; path = Info.plist; sourceTree = "<group>"; };
		D6D326671F60F873007CD8A8 /* coldCallUITests.xctest */ = {isa = PBXFileReference; explicitFileType = wrapper.cfbundle; includeInIndex = 0; path = coldCallUITests.xctest; sourceTree = BUILT_PRODUCTS_DIR; };
		D6D3266B1F60F873007CD8A8 /* coldCallUITests.swift */ = {isa = PBXFileReference; lastKnownFileType = sourcecode.swift; path = coldCallUITests.swift; sourceTree = "<group>"; };
		D6D3266D1F60F873007CD8A8 /* Info.plist */ = {isa = PBXFileReference; lastKnownFileType = text.plist.xml; path = Info.plist; sourceTree = "<group>"; };
/* End PBXFileReference section */

/* Begin PBXFrameworksBuildPhase section */
		D6D326451F60F873007CD8A8 /* Frameworks */ = {
			isa = PBXFrameworksBuildPhase;
			buildActionMask = 2147483647;
			files = (
			);
			runOnlyForDeploymentPostprocessing = 0;
		};
		D6D326591F60F873007CD8A8 /* Frameworks */ = {
			isa = PBXFrameworksBuildPhase;
			buildActionMask = 2147483647;
			files = (
			);
			runOnlyForDeploymentPostprocessing = 0;
		};
		D6D326641F60F873007CD8A8 /* Frameworks */ = {
			isa = PBXFrameworksBuildPhase;
			buildActionMask = 2147483647;
			files = (
			);
			runOnlyForDeploymentPostprocessing = 0;
		};
/* End PBXFrameworksBuildPhase section */

/* Begin PBXGroup section */
		D6D3263F1F60F873007CD8A8 = {
			isa = PBXGroup;
			children = (
				D6D3264A1F60F873007CD8A8 /* coldCall */,
				D6D3265F1F60F873007CD8A8 /* coldCallTests */,
				D6D3266A1F60F873007CD8A8 /* coldCallUITests */,
				D6D326491F60F873007CD8A8 /* Products */,
			);
			sourceTree = "<group>";
		};
		D6D326491F60F873007CD8A8 /* Products */ = {
			isa = PBXGroup;
			children = (
				D6D326481F60F873007CD8A8 /* coldCall.app */,
				D6D3265C1F60F873007CD8A8 /* coldCallTests.xctest */,
				D6D326671F60F873007CD8A8 /* coldCallUITests.xctest */,
			);
			name = Products;
			sourceTree = "<group>";
		};
		D6D3264A1F60F873007CD8A8 /* coldCall */ = {
			isa = PBXGroup;
			children = (
				D6D3264B1F60F873007CD8A8 /* AppDelegate.swift */,
				D6D3264D1F60F873007CD8A8 /* ViewController.swift */,
				D6D3264F1F60F873007CD8A8 /* Main.storyboard */,
				D6D326521F60F873007CD8A8 /* Assets.xcassets */,
				D6D326541F60F873007CD8A8 /* LaunchScreen.storyboard */,
				D6D326571F60F873007CD8A8 /* Info.plist */,
			);
			path = coldCall;
			sourceTree = "<group>";
		};
		D6D3265F1F60F873007CD8A8 /* coldCallTests */ = {
			isa = PBXGroup;
			children = (
				D6D326601F60F873007CD8A8 /* coldCallTests.swift */,
				D6D326621F60F873007CD8A8 /* Info.plist */,
			);
			path = coldCallTests;
			sourceTree = "<group>";
		};
		D6D3266A1F60F873007CD8A8 /* coldCallUITests */ = {
			isa = PBXGroup;
			children = (
				D6D3266B1F60F873007CD8A8 /* coldCallUITests.swift */,
				D6D3266D1F60F873007CD8A8 /* Info.plist */,
			);
			path = coldCallUITests;
			sourceTree = "<group>";
		};
/* End PBXGroup section */

/* Begin PBXNativeTarget section */
		D6D326471F60F873007CD8A8 /* coldCall */ = {
			isa = PBXNativeTarget;
			buildConfigurationList = D6D326701F60F873007CD8A8 /* Build configuration list for PBXNativeTarget "coldCall" */;
			buildPhases = (
				D6D326441F60F873007CD8A8 /* Sources */,
				D6D326451F60F873007CD8A8 /* Frameworks */,
				D6D326461F60F873007CD8A8 /* Resources */,
			);
			buildRules = (
			);
			dependencies = (
			);
			name = coldCall;
			productName = coldCall;
			productReference = D6D326481F60F873007CD8A8 /* coldCall.app */;
			productType = "com.apple.product-type.application";
		};
		D6D3265B1F60F873007CD8A8 /* coldCallTests */ = {
			isa = PBXNativeTarget;
			buildConfigurationList = D6D326731F60F873007CD8A8 /* Build configuration list for PBXNativeTarget "coldCallTests" */;
			buildPhases = (
				D6D326581F60F873007CD8A8 /* Sources */,
				D6D326591F60F873007CD8A8 /* Frameworks */,
				D6D3265A1F60F873007CD8A8 /* Resources */,
			);
			buildRules = (
			);
			dependencies = (
				D6D3265E1F60F873007CD8A8 /* PBXTargetDependency */,
			);
			name = coldCallTests;
			productName = coldCallTests;
			productReference = D6D3265C1F60F873007CD8A8 /* coldCallTests.xctest */;
			productType = "com.apple.product-type.bundle.unit-test";
		};
		D6D326661F60F873007CD8A8 /* coldCallUITests */ = {
			isa = PBXNativeTarget;
			buildConfigurationList = D6D326761F60F873007CD8A8 /* Build configuration list for PBXNativeTarget "coldCallUITests" */;
			buildPhases = (
				D6D326631F60F873007CD8A8 /* Sources */,
				D6D326641F60F873007CD8A8 /* Frameworks */,
				D6D326651F60F873007CD8A8 /* Resources */,
			);
			buildRules = (
			);
			dependencies = (
				D6D326691F60F873007CD8A8 /* PBXTargetDependency */,
			);
			name = coldCallUITests;
			productName = coldCallUITests;
			productReference = D6D326671F60F873007CD8A8 /* coldCallUITests.xctest */;
			productType = "com.apple.product-type.bundle.ui-testing";
		};
/* End PBXNativeTarget section */

/* Begin PBXProject section */
		D6D326401F60F873007CD8A8 /* Project object */ = {
			isa = PBXProject;
			attributes = {
				LastSwiftUpdateCheck = 0830;
				LastUpgradeCheck = 0830;
				ORGANIZATIONNAME = "Vinney Le";
				TargetAttributes = {
					D6D326471F60F873007CD8A8 = {
						CreatedOnToolsVersion = 8.3.3;
						ProvisioningStyle = Automatic;
					};
					D6D3265B1F60F873007CD8A8 = {
						CreatedOnToolsVersion = 8.3.3;
						ProvisioningStyle = Automatic;
						TestTargetID = D6D326471F60F873007CD8A8;
					};
					D6D326661F60F873007CD8A8 = {
						CreatedOnToolsVersion = 8.3.3;
						ProvisioningStyle = Automatic;
						TestTargetID = D6D326471F60F873007CD8A8;
					};
				};
			};
			buildConfigurationList = D6D326431F60F873007CD8A8 /* Build configuration list for PBXProject "coldCall" */;
			compatibilityVersion = "Xcode 3.2";
			developmentRegion = English;
			hasScannedForEncodings = 0;
			knownRegions = (
				en,
				Base,
			);
			mainGroup = D6D3263F1F60F873007CD8A8;
			productRefGroup = D6D326491F60F873007CD8A8 /* Products */;
			projectDirPath = "";
			projectRoot = "";
			targets = (
				D6D326471F60F873007CD8A8 /* coldCall */,
				D6D3265B1F60F873007CD8A8 /* coldCallTests */,
				D6D326661F60F873007CD8A8 /* coldCallUITests */,
			);
		};
/* End PBXProject section */

/* Begin PBXResourcesBuildPhase section */
		D6D326461F60F873007CD8A8 /* Resources */ = {
			isa = PBXResourcesBuildPhase;
			buildActionMask = 2147483647;
			files = (
				D6D326561F60F873007CD8A8 /* LaunchScreen.storyboard in Resources */,
				D6D326531F60F873007CD8A8 /* Assets.xcassets in Resources */,
				D6D326511F60F873007CD8A8 /* Main.storyboard in Resources */,
			);
			runOnlyForDeploymentPostprocessing = 0;
		};
		D6D3265A1F60F873007CD8A8 /* Resources */ = {
			isa = PBXResourcesBuildPhase;
			buildActionMask = 2147483647;
			files = (
			);
			runOnlyForDeploymentPostprocessing = 0;
		};
		D6D326651F60F873007CD8A8 /* Resources */ = {
			isa = PBXResourcesBuildPhase;
			buildActionMask = 2147483647;
			files = (
			);
			runOnlyForDeploymentPostprocessing = 0;
		};
/* End PBXResourcesBuildPhase section */

/* Begin PBXSourcesBuildPhase section */
		D6D326441F60F873007CD8A8 /* Sources */ = {
			isa = PBXSourcesBuildPhase;
			buildActionMask = 2147483647;
			files = (
				D6D3264E1F60F873007CD8A8 /* ViewController.swift in Sources */,
				D6D3264C1F60F873007CD8A8 /* AppDelegate.swift in Sources */,
			);
			runOnlyForDeploymentPostprocessing = 0;
		};
		D6D326581F60F873007CD8A8 /* Sources */ = {
			isa = PBXSourcesBuildPhase;
			buildActionMask = 2147483647;
			files = (
				D6D326611F60F873007CD8A8 /* coldCallTests.swift in Sources */,
			);
			runOnlyForDeploymentPostprocessing = 0;
		};
		D6D326631F60F873007CD8A8 /* Sources */ = {
			isa = PBXSourcesBuildPhase;
			buildActionMask = 2147483647;
			files = (
				D6D3266C1F60F873007CD8A8 /* coldCallUITests.swift in Sources */,
			);
			runOnlyForDeploymentPostprocessing = 0;
		};
/* End PBXSourcesBuildPhase section */

/* Begin PBXTargetDependency section */
		D6D3265E1F60F873007CD8A8 /* PBXTargetDependency */ = {
			isa = PBXTargetDependency;
			target = D6D326471F60F873007CD8A8 /* coldCall */;
			targetProxy = D6D3265D1F60F873007CD8A8 /* PBXContainerItemProxy */;
		};
		D6D326691F60F873007CD8A8 /* PBXTargetDependency */ = {
			isa = PBXTargetDependency;
			target = D6D326471F60F873007CD8A8 /* coldCall */;
			targetProxy = D6D326681F60F873007CD8A8 /* PBXContainerItemProxy */;
		};
/* End PBXTargetDependency section */

/* Begin PBXVariantGroup section */
		D6D3264F1F60F873007CD8A8 /* Main.storyboard */ = {
			isa = PBXVariantGroup;
			children = (
				D6D326501F60F873007CD8A8 /* Base */,
			);
			name = Main.storyboard;
			sourceTree = "<group>";
		};
		D6D326541F60F873007CD8A8 /* LaunchScreen.storyboard */ = {
			isa = PBXVariantGroup;
			children = (
				D6D326551F60F873007CD8A8 /* Base */,
			);
			name = LaunchScreen.storyboard;
			sourceTree = "<group>";
		};
/* End PBXVariantGroup section */

/* Begin XCBuildConfiguration section */
		D6D3266E1F60F873007CD8A8 /* Debug */ = {
			isa = XCBuildConfiguration;
			buildSettings = {
				ALWAYS_SEARCH_USER_PATHS = NO;
				CLANG_ANALYZER_NONNULL = YES;
				CLANG_ANALYZER_NUMBER_OBJECT_CONVERSION = YES_AGGRESSIVE;
				CLANG_CXX_LANGUAGE_STANDARD = "gnu++0x";
				CLANG_CXX_LIBRARY = "libc++";
				CLANG_ENABLE_MODULES = YES;
				CLANG_ENABLE_OBJC_ARC = YES;
				CLANG_WARN_BOOL_CONVERSION = YES;
				CLANG_WARN_CONSTANT_CONVERSION = YES;
				CLANG_WARN_DIRECT_OBJC_ISA_USAGE = YES_ERROR;
				CLANG_WARN_DOCUMENTATION_COMMENTS = YES;
				CLANG_WARN_EMPTY_BODY = YES;
				CLANG_WARN_ENUM_CONVERSION = YES;
				CLANG_WARN_INFINITE_RECURSION = YES;
				CLANG_WARN_INT_CONVERSION = YES;
				CLANG_WARN_OBJC_ROOT_CLASS = YES_ERROR;
				CLANG_WARN_SUSPICIOUS_MOVE = YES;
				CLANG_WARN_UNREACHABLE_CODE = YES;
				CLANG_WARN__DUPLICATE_METHOD_MATCH = YES;
				"CODE_SIGN_IDENTITY[sdk=iphoneos*]" = "iPhone Developer";
				COPY_PHASE_STRIP = NO;
				DEBUG_INFORMATION_FORMAT = dwarf;
				ENABLE_STRICT_OBJC_MSGSEND = YES;
				ENABLE_TESTABILITY = YES;
				GCC_C_LANGUAGE_STANDARD = gnu99;
				GCC_DYNAMIC_NO_PIC = NO;
				GCC_NO_COMMON_BLOCKS = YES;
				GCC_OPTIMIZATION_LEVEL = 0;
				GCC_PREPROCESSOR_DEFINITIONS = (
					"DEBUG=1",
					"$(inherited)",
				);
				GCC_WARN_64_TO_32_BIT_CONVERSION = YES;
				GCC_WARN_ABOUT_RETURN_TYPE = YES_ERROR;
				GCC_WARN_UNDECLARED_SELECTOR = YES;
				GCC_WARN_UNINITIALIZED_AUTOS = YES_AGGRESSIVE;
				GCC_WARN_UNUSED_FUNCTION = YES;
				GCC_WARN_UNUSED_VARIABLE = YES;
				IPHONEOS_DEPLOYMENT_TARGET = 10.3;
				MTL_ENABLE_DEBUG_INFO = YES;
				ONLY_ACTIVE_ARCH = YES;
				SDKROOT = iphoneos;
				SWIFT_ACTIVE_COMPILATION_CONDITIONS = DEBUG;
				SWIFT_OPTIMIZATION_LEVEL = "-Onone";
				TARGETED_DEVICE_FAMILY = "1,2";
			};
			name = Debug;
		};
		D6D3266F1F60F873007CD8A8 /* Release */ = {
			isa = XCBuildConfiguration;
			buildSettings = {
				ALWAYS_SEARCH_USER_PATHS = NO;
				CLANG_ANALYZER_NONNULL = YES;
				CLANG_ANALYZER_NUMBER_OBJECT_CONVERSION = YES_AGGRESSIVE;
				CLANG_CXX_LANGUAGE_STANDARD = "gnu++0x";
				CLANG_CXX_LIBRARY = "libc++";
				CLANG_ENABLE_MODULES = YES;
				CLANG_ENABLE_OBJC_ARC = YES;
				CLANG_WARN_BOOL_CONVERSION = YES;
				CLANG_WARN_CONSTANT_CONVERSION = YES;
				CLANG_WARN_DIRECT_OBJC_ISA_USAGE = YES_ERROR;
				CLANG_WARN_DOCUMENTATION_COMMENTS = YES;
				CLANG_WARN_EMPTY_BODY = YES;
				CLANG_WARN_ENUM_CONVERSION = YES;
				CLANG_WARN_INFINITE_RECURSION = YES;
				CLANG_WARN_INT_CONVERSION = YES;
				CLANG_WARN_OBJC_ROOT_CLASS = YES_ERROR;
				CLANG_WARN_SUSPICIOUS_MOVE = YES;
				CLANG_WARN_UNREACHABLE_CODE = YES;
				CLANG_WARN__DUPLICATE_METHOD_MATCH = YES;
				"CODE_SIGN_IDENTITY[sdk=iphoneos*]" = "iPhone Developer";
				COPY_PHASE_STRIP = NO;
				DEBUG_INFORMATION_FORMAT = "dwarf-with-dsym";
				ENABLE_NS_ASSERTIONS = NO;
				ENABLE_STRICT_OBJC_MSGSEND = YES;
				GCC_C_LANGUAGE_STANDARD = gnu99;
				GCC_NO_COMMON_BLOCKS = YES;
				GCC_WARN_64_TO_32_BIT_CONVERSION = YES;
				GCC_WARN_ABOUT_RETURN_TYPE = YES_ERROR;
				GCC_WARN_UNDECLARED_SELECTOR = YES;
				GCC_WARN_UNINITIALIZED_AUTOS = YES_AGGRESSIVE;
				GCC_WARN_UNUSED_FUNCTION = YES;
				GCC_WARN_UNUSED_VARIABLE = YES;
				IPHONEOS_DEPLOYMENT_TARGET = 10.3;
				MTL_ENABLE_DEBUG_INFO = NO;
				SDKROOT = iphoneos;
				SWIFT_OPTIMIZATION_LEVEL = "-Owholemodule";
				TARGETED_DEVICE_FAMILY = "1,2";
				VALIDATE_PRODUCT = YES;
			};
			name = Release;
		};
		D6D326711F60F873007CD8A8 /* Debug */ = {
			isa = XCBuildConfiguration;
			buildSettings = {
				ASSETCATALOG_COMPILER_APPICON_NAME = AppIcon;
				INFOPLIST_FILE = coldCall/Info.plist;
				LD_RUNPATH_SEARCH_PATHS = "$(inherited) @executable_path/Frameworks";
				PRODUCT_BUNDLE_IDENTIFIER = vinvivo.coldCall;
				PRODUCT_NAME = "$(TARGET_NAME)";
				SWIFT_VERSION = 3.0;
			};
			name = Debug;
		};
		D6D326721F60F873007CD8A8 /* Release */ = {
			isa = XCBuildConfiguration;
			buildSettings = {
				ASSETCATALOG_COMPILER_APPICON_NAME = AppIcon;
				INFOPLIST_FILE = coldCall/Info.plist;
				LD_RUNPATH_SEARCH_PATHS = "$(inherited) @executable_path/Frameworks";
				PRODUCT_BUNDLE_IDENTIFIER = vinvivo.coldCall;
				PRODUCT_NAME = "$(TARGET_NAME)";
				SWIFT_VERSION = 3.0;
			};
			name = Release;
		};
		D6D326741F60F873007CD8A8 /* Debug */ = {
			isa = XCBuildConfiguration;
			buildSettings = {
				ALWAYS_EMBED_SWIFT_STANDARD_LIBRARIES = YES;
				BUNDLE_LOADER = "$(TEST_HOST)";
				INFOPLIST_FILE = coldCallTests/Info.plist;
				LD_RUNPATH_SEARCH_PATHS = "$(inherited) @executable_path/Frameworks @loader_path/Frameworks";
				PRODUCT_BUNDLE_IDENTIFIER = vinvivo.coldCallTests;
				PRODUCT_NAME = "$(TARGET_NAME)";
				SWIFT_VERSION = 3.0;
				TEST_HOST = "$(BUILT_PRODUCTS_DIR)/coldCall.app/coldCall";
			};
			name = Debug;
		};
		D6D326751F60F873007CD8A8 /* Release */ = {
			isa = XCBuildConfiguration;
			buildSettings = {
				ALWAYS_EMBED_SWIFT_STANDARD_LIBRARIES = YES;
				BUNDLE_LOADER = "$(TEST_HOST)";
				INFOPLIST_FILE = coldCallTests/Info.plist;
				LD_RUNPATH_SEARCH_PATHS = "$(inherited) @executable_path/Frameworks @loader_path/Frameworks";
				PRODUCT_BUNDLE_IDENTIFIER = vinvivo.coldCallTests;
				PRODUCT_NAME = "$(TARGET_NAME)";
				SWIFT_VERSION = 3.0;
				TEST_HOST = "$(BUILT_PRODUCTS_DIR)/coldCall.app/coldCall";
			};
			name = Release;
		};
		D6D326771F60F873007CD8A8 /* Debug */ = {
			isa = XCBuildConfiguration;
			buildSettings = {
				ALWAYS_EMBED_SWIFT_STANDARD_LIBRARIES = YES;
				INFOPLIST_FILE = coldCallUITests/Info.plist;
				LD_RUNPATH_SEARCH_PATHS = "$(inherited) @executable_path/Frameworks @loader_path/Frameworks";
				PRODUCT_BUNDLE_IDENTIFIER = vinvivo.coldCallUITests;
				PRODUCT_NAME = "$(TARGET_NAME)";
				SWIFT_VERSION = 3.0;
				TEST_TARGET_NAME = coldCall;
			};
			name = Debug;
		};
		D6D326781F60F873007CD8A8 /* Release */ = {
			isa = XCBuildConfiguration;
			buildSettings = {
				ALWAYS_EMBED_SWIFT_STANDARD_LIBRARIES = YES;
				INFOPLIST_FILE = coldCallUITests/Info.plist;
				LD_RUNPATH_SEARCH_PATHS = "$(inherited) @executable_path/Frameworks @loader_path/Frameworks";
				PRODUCT_BUNDLE_IDENTIFIER = vinvivo.coldCallUITests;
				PRODUCT_NAME = "$(TARGET_NAME)";
				SWIFT_VERSION = 3.0;
				TEST_TARGET_NAME = coldCall;
			};
			name = Release;
		};
/* End XCBuildConfiguration section */

/* Begin XCConfigurationList section */
		D6D326431F60F873007CD8A8 /* Build configuration list for PBXProject "coldCall" */ = {
			isa = XCConfigurationList;
			buildConfigurations = (
				D6D3266E1F60F873007CD8A8 /* Debug */,
				D6D3266F1F60F873007CD8A8 /* Release */,
			);
			defaultConfigurationIsVisible = 0;
			defaultConfigurationName = Release;
		};
		D6D326701F60F873007CD8A8 /* Build configuration list for PBXNativeTarget "coldCall" */ = {
			isa = XCConfigurationList;
			buildConfigurations = (
				D6D326711F60F873007CD8A8 /* Debug */,
				D6D326721F60F873007CD8A8 /* Release */,
			);
			defaultConfigurationIsVisible = 0;
		};
		D6D326731F60F873007CD8A8 /* Build configuration list for PBXNativeTarget "coldCallTests" */ = {
			isa = XCConfigurationList;
			buildConfigurations = (
				D6D326741F60F873007CD8A8 /* Debug */,
				D6D326751F60F873007CD8A8 /* Release */,
			);
			defaultConfigurationIsVisible = 0;
		};
		D6D326761F60F873007CD8A8 /* Build configuration list for PBXNativeTarget "coldCallUITests" */ = {
			isa = XCConfigurationList;
			buildConfigurations = (
				D6D326771F60F873007CD8A8 /* Debug */,
				D6D326781F60F873007CD8A8 /* Release */,
			);
			defaultConfigurationIsVisible = 0;
		};
/* End XCConfigurationList section */
	};
	rootObject = D6D326401F60F873007CD8A8 /* Project object */;
}
