// !$*UTF8*$!
{
	archiveVersion = 1;
	classes = {
	};
	objectVersion = 46;
	objects = {

/* Begin PBXBuildFile section */
		D6B743351F61C3F70015074E /* AppDelegate.swift in Sources */ = {isa = PBXBuildFile; fileRef = D6B743341F61C3F70015074E /* AppDelegate.swift */; };
		D6B743371F61C3F70015074E /* ViewController.swift in Sources */ = {isa = PBXBuildFile; fileRef = D6B743361F61C3F70015074E /* ViewController.swift */; };
		D6B7433A1F61C3F70015074E /* Main.storyboard in Resources */ = {isa = PBXBuildFile; fileRef = D6B743381F61C3F70015074E /* Main.storyboard */; };
		D6B7433C1F61C3F70015074E /* Assets.xcassets in Resources */ = {isa = PBXBuildFile; fileRef = D6B7433B1F61C3F70015074E /* Assets.xcassets */; };
		D6B7433F1F61C3F70015074E /* LaunchScreen.storyboard in Resources */ = {isa = PBXBuildFile; fileRef = D6B7433D1F61C3F70015074E /* LaunchScreen.storyboard */; };
		D6B7434A1F61C3F70015074E /* ticTacToeTests.swift in Sources */ = {isa = PBXBuildFile; fileRef = D6B743491F61C3F70015074E /* ticTacToeTests.swift */; };
		D6B743551F61C3F70015074E /* ticTacToeUITests.swift in Sources */ = {isa = PBXBuildFile; fileRef = D6B743541F61C3F70015074E /* ticTacToeUITests.swift */; };
/* End PBXBuildFile section */

/* Begin PBXContainerItemProxy section */
		D6B743461F61C3F70015074E /* PBXContainerItemProxy */ = {
			isa = PBXContainerItemProxy;
			containerPortal = D6B743291F61C3F70015074E /* Project object */;
			proxyType = 1;
			remoteGlobalIDString = D6B743301F61C3F70015074E;
			remoteInfo = ticTacToe;
		};
		D6B743511F61C3F70015074E /* PBXContainerItemProxy */ = {
			isa = PBXContainerItemProxy;
			containerPortal = D6B743291F61C3F70015074E /* Project object */;
			proxyType = 1;
			remoteGlobalIDString = D6B743301F61C3F70015074E;
			remoteInfo = ticTacToe;
		};
/* End PBXContainerItemProxy section */

/* Begin PBXFileReference section */
		D6B743311F61C3F70015074E /* ticTacToe.app */ = {isa = PBXFileReference; explicitFileType = wrapper.application; includeInIndex = 0; path = ticTacToe.app; sourceTree = BUILT_PRODUCTS_DIR; };
		D6B743341F61C3F70015074E /* AppDelegate.swift */ = {isa = PBXFileReference; lastKnownFileType = sourcecode.swift; path = AppDelegate.swift; sourceTree = "<group>"; };
		D6B743361F61C3F70015074E /* ViewController.swift */ = {isa = PBXFileReference; lastKnownFileType = sourcecode.swift; path = ViewController.swift; sourceTree = "<group>"; };
		D6B743391F61C3F70015074E /* Base */ = {isa = PBXFileReference; lastKnownFileType = file.storyboard; name = Base; path = Base.lproj/Main.storyboard; sourceTree = "<group>"; };
		D6B7433B1F61C3F70015074E /* Assets.xcassets */ = {isa = PBXFileReference; lastKnownFileType = folder.assetcatalog; path = Assets.xcassets; sourceTree = "<group>"; };
		D6B7433E1F61C3F70015074E /* Base */ = {isa = PBXFileReference; lastKnownFileType = file.storyboard; name = Base; path = Base.lproj/LaunchScreen.storyboard; sourceTree = "<group>"; };
		D6B743401F61C3F70015074E /* Info.plist */ = {isa = PBXFileReference; lastKnownFileType = text.plist.xml; path = Info.plist; sourceTree = "<group>"; };
		D6B743451F61C3F70015074E /* ticTacToeTests.xctest */ = {isa = PBXFileReference; explicitFileType = wrapper.cfbundle; includeInIndex = 0; path = ticTacToeTests.xctest; sourceTree = BUILT_PRODUCTS_DIR; };
		D6B743491F61C3F70015074E /* ticTacToeTests.swift */ = {isa = PBXFileReference; lastKnownFileType = sourcecode.swift; path = ticTacToeTests.swift; sourceTree = "<group>"; };
		D6B7434B1F61C3F70015074E /* Info.plist */ = {isa = PBXFileReference; lastKnownFileType = text.plist.xml; path = Info.plist; sourceTree = "<group>"; };
		D6B743501F61C3F70015074E /* ticTacToeUITests.xctest */ = {isa = PBXFileReference; explicitFileType = wrapper.cfbundle; includeInIndex = 0; path = ticTacToeUITests.xctest; sourceTree = BUILT_PRODUCTS_DIR; };
		D6B743541F61C3F70015074E /* ticTacToeUITests.swift */ = {isa = PBXFileReference; lastKnownFileType = sourcecode.swift; path = ticTacToeUITests.swift; sourceTree = "<group>"; };
		D6B743561F61C3F70015074E /* Info.plist */ = {isa = PBXFileReference; lastKnownFileType = text.plist.xml; path = Info.plist; sourceTree = "<group>"; };
/* End PBXFileReference section */

/* Begin PBXFrameworksBuildPhase section */
		D6B7432E1F61C3F70015074E /* Frameworks */ = {
			isa = PBXFrameworksBuildPhase;
			buildActionMask = 2147483647;
			files = (
			);
			runOnlyForDeploymentPostprocessing = 0;
		};
		D6B743421F61C3F70015074E /* Frameworks */ = {
			isa = PBXFrameworksBuildPhase;
			buildActionMask = 2147483647;
			files = (
			);
			runOnlyForDeploymentPostprocessing = 0;
		};
		D6B7434D1F61C3F70015074E /* Frameworks */ = {
			isa = PBXFrameworksBuildPhase;
			buildActionMask = 2147483647;
			files = (
			);
			runOnlyForDeploymentPostprocessing = 0;
		};
/* End PBXFrameworksBuildPhase section */

/* Begin PBXGroup section */
		D6B743281F61C3F70015074E = {
			isa = PBXGroup;
			children = (
				D6B743331F61C3F70015074E /* ticTacToe */,
				D6B743481F61C3F70015074E /* ticTacToeTests */,
				D6B743531F61C3F70015074E /* ticTacToeUITests */,
				D6B743321F61C3F70015074E /* Products */,
			);
			sourceTree = "<group>";
		};
		D6B743321F61C3F70015074E /* Products */ = {
			isa = PBXGroup;
			children = (
				D6B743311F61C3F70015074E /* ticTacToe.app */,
				D6B743451F61C3F70015074E /* ticTacToeTests.xctest */,
				D6B743501F61C3F70015074E /* ticTacToeUITests.xctest */,
			);
			name = Products;
			sourceTree = "<group>";
		};
		D6B743331F61C3F70015074E /* ticTacToe */ = {
			isa = PBXGroup;
			children = (
				D6B743341F61C3F70015074E /* AppDelegate.swift */,
				D6B743361F61C3F70015074E /* ViewController.swift */,
				D6B743381F61C3F70015074E /* Main.storyboard */,
				D6B7433B1F61C3F70015074E /* Assets.xcassets */,
				D6B7433D1F61C3F70015074E /* LaunchScreen.storyboard */,
				D6B743401F61C3F70015074E /* Info.plist */,
			);
			path = ticTacToe;
			sourceTree = "<group>";
		};
		D6B743481F61C3F70015074E /* ticTacToeTests */ = {
			isa = PBXGroup;
			children = (
				D6B743491F61C3F70015074E /* ticTacToeTests.swift */,
				D6B7434B1F61C3F70015074E /* Info.plist */,
			);
			path = ticTacToeTests;
			sourceTree = "<group>";
		};
		D6B743531F61C3F70015074E /* ticTacToeUITests */ = {
			isa = PBXGroup;
			children = (
				D6B743541F61C3F70015074E /* ticTacToeUITests.swift */,
				D6B743561F61C3F70015074E /* Info.plist */,
			);
			path = ticTacToeUITests;
			sourceTree = "<group>";
		};
/* End PBXGroup section */

/* Begin PBXNativeTarget section */
		D6B743301F61C3F70015074E /* ticTacToe */ = {
			isa = PBXNativeTarget;
			buildConfigurationList = D6B743591F61C3F70015074E /* Build configuration list for PBXNativeTarget "ticTacToe" */;
			buildPhases = (
				D6B7432D1F61C3F70015074E /* Sources */,
				D6B7432E1F61C3F70015074E /* Frameworks */,
				D6B7432F1F61C3F70015074E /* Resources */,
			);
			buildRules = (
			);
			dependencies = (
			);
			name = ticTacToe;
			productName = ticTacToe;
			productReference = D6B743311F61C3F70015074E /* ticTacToe.app */;
			productType = "com.apple.product-type.application";
		};
		D6B743441F61C3F70015074E /* ticTacToeTests */ = {
			isa = PBXNativeTarget;
			buildConfigurationList = D6B7435C1F61C3F70015074E /* Build configuration list for PBXNativeTarget "ticTacToeTests" */;
			buildPhases = (
				D6B743411F61C3F70015074E /* Sources */,
				D6B743421F61C3F70015074E /* Frameworks */,
				D6B743431F61C3F70015074E /* Resources */,
			);
			buildRules = (
			);
			dependencies = (
				D6B743471F61C3F70015074E /* PBXTargetDependency */,
			);
			name = ticTacToeTests;
			productName = ticTacToeTests;
			productReference = D6B743451F61C3F70015074E /* ticTacToeTests.xctest */;
			productType = "com.apple.product-type.bundle.unit-test";
		};
		D6B7434F1F61C3F70015074E /* ticTacToeUITests */ = {
			isa = PBXNativeTarget;
			buildConfigurationList = D6B7435F1F61C3F70015074E /* Build configuration list for PBXNativeTarget "ticTacToeUITests" */;
			buildPhases = (
				D6B7434C1F61C3F70015074E /* Sources */,
				D6B7434D1F61C3F70015074E /* Frameworks */,
				D6B7434E1F61C3F70015074E /* Resources */,
			);
			buildRules = (
			);
			dependencies = (
				D6B743521F61C3F70015074E /* PBXTargetDependency */,
			);
			name = ticTacToeUITests;
			productName = ticTacToeUITests;
			productReference = D6B743501F61C3F70015074E /* ticTacToeUITests.xctest */;
			productType = "com.apple.product-type.bundle.ui-testing";
		};
/* End PBXNativeTarget section */

/* Begin PBXProject section */
		D6B743291F61C3F70015074E /* Project object */ = {
			isa = PBXProject;
			attributes = {
				LastSwiftUpdateCheck = 0830;
				LastUpgradeCheck = 0830;
				ORGANIZATIONNAME = "Vinney Le";
				TargetAttributes = {
					D6B743301F61C3F70015074E = {
						CreatedOnToolsVersion = 8.3.3;
						ProvisioningStyle = Automatic;
					};
					D6B743441F61C3F70015074E = {
						CreatedOnToolsVersion = 8.3.3;
						ProvisioningStyle = Automatic;
						TestTargetID = D6B743301F61C3F70015074E;
					};
					D6B7434F1F61C3F70015074E = {
						CreatedOnToolsVersion = 8.3.3;
						ProvisioningStyle = Automatic;
						TestTargetID = D6B743301F61C3F70015074E;
					};
				};
			};
			buildConfigurationList = D6B7432C1F61C3F70015074E /* Build configuration list for PBXProject "ticTacToe" */;
			compatibilityVersion = "Xcode 3.2";
			developmentRegion = English;
			hasScannedForEncodings = 0;
			knownRegions = (
				en,
				Base,
			);
			mainGroup = D6B743281F61C3F70015074E;
			productRefGroup = D6B743321F61C3F70015074E /* Products */;
			projectDirPath = "";
			projectRoot = "";
			targets = (
				D6B743301F61C3F70015074E /* ticTacToe */,
				D6B743441F61C3F70015074E /* ticTacToeTests */,
				D6B7434F1F61C3F70015074E /* ticTacToeUITests */,
			);
		};
/* End PBXProject section */

/* Begin PBXResourcesBuildPhase section */
		D6B7432F1F61C3F70015074E /* Resources */ = {
			isa = PBXResourcesBuildPhase;
			buildActionMask = 2147483647;
			files = (
				D6B7433F1F61C3F70015074E /* LaunchScreen.storyboard in Resources */,
				D6B7433C1F61C3F70015074E /* Assets.xcassets in Resources */,
				D6B7433A1F61C3F70015074E /* Main.storyboard in Resources */,
			);
			runOnlyForDeploymentPostprocessing = 0;
		};
		D6B743431F61C3F70015074E /* Resources */ = {
			isa = PBXResourcesBuildPhase;
			buildActionMask = 2147483647;
			files = (
			);
			runOnlyForDeploymentPostprocessing = 0;
		};
		D6B7434E1F61C3F70015074E /* Resources */ = {
			isa = PBXResourcesBuildPhase;
			buildActionMask = 2147483647;
			files = (
			);
			runOnlyForDeploymentPostprocessing = 0;
		};
/* End PBXResourcesBuildPhase section */

/* Begin PBXSourcesBuildPhase section */
		D6B7432D1F61C3F70015074E /* Sources */ = {
			isa = PBXSourcesBuildPhase;
			buildActionMask = 2147483647;
			files = (
				D6B743371F61C3F70015074E /* ViewController.swift in Sources */,
				D6B743351F61C3F70015074E /* AppDelegate.swift in Sources */,
			);
			runOnlyForDeploymentPostprocessing = 0;
		};
		D6B743411F61C3F70015074E /* Sources */ = {
			isa = PBXSourcesBuildPhase;
			buildActionMask = 2147483647;
			files = (
				D6B7434A1F61C3F70015074E /* ticTacToeTests.swift in Sources */,
			);
			runOnlyForDeploymentPostprocessing = 0;
		};
		D6B7434C1F61C3F70015074E /* Sources */ = {
			isa = PBXSourcesBuildPhase;
			buildActionMask = 2147483647;
			files = (
				D6B743551F61C3F70015074E /* ticTacToeUITests.swift in Sources */,
			);
			runOnlyForDeploymentPostprocessing = 0;
		};
/* End PBXSourcesBuildPhase section */

/* Begin PBXTargetDependency section */
		D6B743471F61C3F70015074E /* PBXTargetDependency */ = {
			isa = PBXTargetDependency;
			target = D6B743301F61C3F70015074E /* ticTacToe */;
			targetProxy = D6B743461F61C3F70015074E /* PBXContainerItemProxy */;
		};
		D6B743521F61C3F70015074E /* PBXTargetDependency */ = {
			isa = PBXTargetDependency;
			target = D6B743301F61C3F70015074E /* ticTacToe */;
			targetProxy = D6B743511F61C3F70015074E /* PBXContainerItemProxy */;
		};
/* End PBXTargetDependency section */

/* Begin PBXVariantGroup section */
		D6B743381F61C3F70015074E /* Main.storyboard */ = {
			isa = PBXVariantGroup;
			children = (
				D6B743391F61C3F70015074E /* Base */,
			);
			name = Main.storyboard;
			sourceTree = "<group>";
		};
		D6B7433D1F61C3F70015074E /* LaunchScreen.storyboard */ = {
			isa = PBXVariantGroup;
			children = (
				D6B7433E1F61C3F70015074E /* Base */,
			);
			name = LaunchScreen.storyboard;
			sourceTree = "<group>";
		};
/* End PBXVariantGroup section */

/* Begin XCBuildConfiguration section */
		D6B743571F61C3F70015074E /* Debug */ = {
			isa = XCBuildConfiguration;
			buildSettings = {
				ALWAYS_SEARCH_USER_PATHS = NO;
				CLANG_ANALYZER_NONNULL = YES;
				CLANG_ANALYZER_NUMBER_OBJECT_CONVERSION = YES_AGGRESSIVE;
				CLANG_CXX_LANGUAGE_STANDARD = "gnu++0x";
				CLANG_CXX_LIBRARY = "libc++";
				CLANG_ENABLE_MODULES = YES;
				CLANG_ENABLE_OBJC_ARC = YES;
				CLANG_WARN_BOOL_CONVERSION = YES;
				CLANG_WARN_CONSTANT_CONVERSION = YES;
				CLANG_WARN_DIRECT_OBJC_ISA_USAGE = YES_ERROR;
				CLANG_WARN_DOCUMENTATION_COMMENTS = YES;
				CLANG_WARN_EMPTY_BODY = YES;
				CLANG_WARN_ENUM_CONVERSION = YES;
				CLANG_WARN_INFINITE_RECURSION = YES;
				CLANG_WARN_INT_CONVERSION = YES;
				CLANG_WARN_OBJC_ROOT_CLASS = YES_ERROR;
				CLANG_WARN_SUSPICIOUS_MOVE = YES;
				CLANG_WARN_UNREACHABLE_CODE = YES;
				CLANG_WARN__DUPLICATE_METHOD_MATCH = YES;
				"CODE_SIGN_IDENTITY[sdk=iphoneos*]" = "iPhone Developer";
				COPY_PHASE_STRIP = NO;
				DEBUG_INFORMATION_FORMAT = dwarf;
				ENABLE_STRICT_OBJC_MSGSEND = YES;
				ENABLE_TESTABILITY = YES;
				GCC_C_LANGUAGE_STANDARD = gnu99;
				GCC_DYNAMIC_NO_PIC = NO;
				GCC_NO_COMMON_BLOCKS = YES;
				GCC_OPTIMIZATION_LEVEL = 0;
				GCC_PREPROCESSOR_DEFINITIONS = (
					"DEBUG=1",
					"$(inherited)",
				);
				GCC_WARN_64_TO_32_BIT_CONVERSION = YES;
				GCC_WARN_ABOUT_RETURN_TYPE = YES_ERROR;
				GCC_WARN_UNDECLARED_SELECTOR = YES;
				GCC_WARN_UNINITIALIZED_AUTOS = YES_AGGRESSIVE;
				GCC_WARN_UNUSED_FUNCTION = YES;
				GCC_WARN_UNUSED_VARIABLE = YES;
				IPHONEOS_DEPLOYMENT_TARGET = 10.3;
				MTL_ENABLE_DEBUG_INFO = YES;
				ONLY_ACTIVE_ARCH = YES;
				SDKROOT = iphoneos;
				SWIFT_ACTIVE_COMPILATION_CONDITIONS = DEBUG;
				SWIFT_OPTIMIZATION_LEVEL = "-Onone";
				TARGETED_DEVICE_FAMILY = "1,2";
			};
			name = Debug;
		};
		D6B743581F61C3F70015074E /* Release */ = {
			isa = XCBuildConfiguration;
			buildSettings = {
				ALWAYS_SEARCH_USER_PATHS = NO;
				CLANG_ANALYZER_NONNULL = YES;
				CLANG_ANALYZER_NUMBER_OBJECT_CONVERSION = YES_AGGRESSIVE;
				CLANG_CXX_LANGUAGE_STANDARD = "gnu++0x";
				CLANG_CXX_LIBRARY = "libc++";
				CLANG_ENABLE_MODULES = YES;
				CLANG_ENABLE_OBJC_ARC = YES;
				CLANG_WARN_BOOL_CONVERSION = YES;
				CLANG_WARN_CONSTANT_CONVERSION = YES;
				CLANG_WARN_DIRECT_OBJC_ISA_USAGE = YES_ERROR;
				CLANG_WARN_DOCUMENTATION_COMMENTS = YES;
				CLANG_WARN_EMPTY_BODY = YES;
				CLANG_WARN_ENUM_CONVERSION = YES;
				CLANG_WARN_INFINITE_RECURSION = YES;
				CLANG_WARN_INT_CONVERSION = YES;
				CLANG_WARN_OBJC_ROOT_CLASS = YES_ERROR;
				CLANG_WARN_SUSPICIOUS_MOVE = YES;
				CLANG_WARN_UNREACHABLE_CODE = YES;
				CLANG_WARN__DUPLICATE_METHOD_MATCH = YES;
				"CODE_SIGN_IDENTITY[sdk=iphoneos*]" = "iPhone Developer";
				COPY_PHASE_STRIP = NO;
				DEBUG_INFORMATION_FORMAT = "dwarf-with-dsym";
				ENABLE_NS_ASSERTIONS = NO;
				ENABLE_STRICT_OBJC_MSGSEND = YES;
				GCC_C_LANGUAGE_STANDARD = gnu99;
				GCC_NO_COMMON_BLOCKS = YES;
				GCC_WARN_64_TO_32_BIT_CONVERSION = YES;
				GCC_WARN_ABOUT_RETURN_TYPE = YES_ERROR;
				GCC_WARN_UNDECLARED_SELECTOR = YES;
				GCC_WARN_UNINITIALIZED_AUTOS = YES_AGGRESSIVE;
				GCC_WARN_UNUSED_FUNCTION = YES;
				GCC_WARN_UNUSED_VARIABLE = YES;
				IPHONEOS_DEPLOYMENT_TARGET = 10.3;
				MTL_ENABLE_DEBUG_INFO = NO;
				SDKROOT = iphoneos;
				SWIFT_OPTIMIZATION_LEVEL = "-Owholemodule";
				TARGETED_DEVICE_FAMILY = "1,2";
				VALIDATE_PRODUCT = YES;
			};
			name = Release;
		};
		D6B7435A1F61C3F70015074E /* Debug */ = {
			isa = XCBuildConfiguration;
			buildSettings = {
				ASSETCATALOG_COMPILER_APPICON_NAME = AppIcon;
				INFOPLIST_FILE = ticTacToe/Info.plist;
				LD_RUNPATH_SEARCH_PATHS = "$(inherited) @executable_path/Frameworks";
				PRODUCT_BUNDLE_IDENTIFIER = vinvivo.ticTacToe;
				PRODUCT_NAME = "$(TARGET_NAME)";
				SWIFT_VERSION = 3.0;
			};
			name = Debug;
		};
		D6B7435B1F61C3F70015074E /* Release */ = {
			isa = XCBuildConfiguration;
			buildSettings = {
				ASSETCATALOG_COMPILER_APPICON_NAME = AppIcon;
				INFOPLIST_FILE = ticTacToe/Info.plist;
				LD_RUNPATH_SEARCH_PATHS = "$(inherited) @executable_path/Frameworks";
				PRODUCT_BUNDLE_IDENTIFIER = vinvivo.ticTacToe;
				PRODUCT_NAME = "$(TARGET_NAME)";
				SWIFT_VERSION = 3.0;
			};
			name = Release;
		};
		D6B7435D1F61C3F70015074E /* Debug */ = {
			isa = XCBuildConfiguration;
			buildSettings = {
				ALWAYS_EMBED_SWIFT_STANDARD_LIBRARIES = YES;
				BUNDLE_LOADER = "$(TEST_HOST)";
				INFOPLIST_FILE = ticTacToeTests/Info.plist;
				LD_RUNPATH_SEARCH_PATHS = "$(inherited) @executable_path/Frameworks @loader_path/Frameworks";
				PRODUCT_BUNDLE_IDENTIFIER = vinvivo.ticTacToeTests;
				PRODUCT_NAME = "$(TARGET_NAME)";
				SWIFT_VERSION = 3.0;
				TEST_HOST = "$(BUILT_PRODUCTS_DIR)/ticTacToe.app/ticTacToe";
			};
			name = Debug;
		};
		D6B7435E1F61C3F70015074E /* Release */ = {
			isa = XCBuildConfiguration;
			buildSettings = {
				ALWAYS_EMBED_SWIFT_STANDARD_LIBRARIES = YES;
				BUNDLE_LOADER = "$(TEST_HOST)";
				INFOPLIST_FILE = ticTacToeTests/Info.plist;
				LD_RUNPATH_SEARCH_PATHS = "$(inherited) @executable_path/Frameworks @loader_path/Frameworks";
				PRODUCT_BUNDLE_IDENTIFIER = vinvivo.ticTacToeTests;
				PRODUCT_NAME = "$(TARGET_NAME)";
				SWIFT_VERSION = 3.0;
				TEST_HOST = "$(BUILT_PRODUCTS_DIR)/ticTacToe.app/ticTacToe";
			};
			name = Release;
		};
		D6B743601F61C3F70015074E /* Debug */ = {
			isa = XCBuildConfiguration;
			buildSettings = {
				ALWAYS_EMBED_SWIFT_STANDARD_LIBRARIES = YES;
				INFOPLIST_FILE = ticTacToeUITests/Info.plist;
				LD_RUNPATH_SEARCH_PATHS = "$(inherited) @executable_path/Frameworks @loader_path/Frameworks";
				PRODUCT_BUNDLE_IDENTIFIER = vinvivo.ticTacToeUITests;
				PRODUCT_NAME = "$(TARGET_NAME)";
				SWIFT_VERSION = 3.0;
				TEST_TARGET_NAME = ticTacToe;
			};
			name = Debug;
		};
		D6B743611F61C3F70015074E /* Release */ = {
			isa = XCBuildConfiguration;
			buildSettings = {
				ALWAYS_EMBED_SWIFT_STANDARD_LIBRARIES = YES;
				INFOPLIST_FILE = ticTacToeUITests/Info.plist;
				LD_RUNPATH_SEARCH_PATHS = "$(inherited) @executable_path/Frameworks @loader_path/Frameworks";
				PRODUCT_BUNDLE_IDENTIFIER = vinvivo.ticTacToeUITests;
				PRODUCT_NAME = "$(TARGET_NAME)";
				SWIFT_VERSION = 3.0;
				TEST_TARGET_NAME = ticTacToe;
			};
			name = Release;
		};
/* End XCBuildConfiguration section */

/* Begin XCConfigurationList section */
		D6B7432C1F61C3F70015074E /* Build configuration list for PBXProject "ticTacToe" */ = {
			isa = XCConfigurationList;
			buildConfigurations = (
				D6B743571F61C3F70015074E /* Debug */,
				D6B743581F61C3F70015074E /* Release */,
			);
			defaultConfigurationIsVisible = 0;
			defaultConfigurationName = Release;
		};
		D6B743591F61C3F70015074E /* Build configuration list for PBXNativeTarget "ticTacToe" */ = {
			isa = XCConfigurationList;
			buildConfigurations = (
				D6B7435A1F61C3F70015074E /* Debug */,
				D6B7435B1F61C3F70015074E /* Release */,
			);
			defaultConfigurationIsVisible = 0;
		};
		D6B7435C1F61C3F70015074E /* Build configuration list for PBXNativeTarget "ticTacToeTests" */ = {
			isa = XCConfigurationList;
			buildConfigurations = (
				D6B7435D1F61C3F70015074E /* Debug */,
				D6B7435E1F61C3F70015074E /* Release */,
			);
			defaultConfigurationIsVisible = 0;
		};
		D6B7435F1F61C3F70015074E /* Build configuration list for PBXNativeTarget "ticTacToeUITests" */ = {
			isa = XCConfigurationList;
			buildConfigurations = (
				D6B743601F61C3F70015074E /* Debug */,
				D6B743611F61C3F70015074E /* Release */,
			);
			defaultConfigurationIsVisible = 0;
		};
/* End XCConfigurationList section */
	};
	rootObject = D6B743291F61C3F70015074E /* Project object */;
}
