// !$*UTF8*$!
{
	archiveVersion = 1;
	classes = {
	};
	objectVersion = 46;
	objects = {

/* Begin PBXBuildFile section */
		D6D326121F60DEB1007CD8A8 /* AppDelegate.swift in Sources */ = {isa = PBXBuildFile; fileRef = D6D326111F60DEB1007CD8A8 /* AppDelegate.swift */; };
		D6D326141F60DEB1007CD8A8 /* ViewController.swift in Sources */ = {isa = PBXBuildFile; fileRef = D6D326131F60DEB1007CD8A8 /* ViewController.swift */; };
		D6D326171F60DEB1007CD8A8 /* Main.storyboard in Resources */ = {isa = PBXBuildFile; fileRef = D6D326151F60DEB1007CD8A8 /* Main.storyboard */; };
		D6D326191F60DEB1007CD8A8 /* Assets.xcassets in Resources */ = {isa = PBXBuildFile; fileRef = D6D326181F60DEB1007CD8A8 /* Assets.xcassets */; };
		D6D3261C1F60DEB1007CD8A8 /* LaunchScreen.storyboard in Resources */ = {isa = PBXBuildFile; fileRef = D6D3261A1F60DEB1007CD8A8 /* LaunchScreen.storyboard */; };
		D6D326271F60DEB1007CD8A8 /* iOSQuizTests.swift in Sources */ = {isa = PBXBuildFile; fileRef = D6D326261F60DEB1007CD8A8 /* iOSQuizTests.swift */; };
		D6D326321F60DEB1007CD8A8 /* iOSQuizUITests.swift in Sources */ = {isa = PBXBuildFile; fileRef = D6D326311F60DEB1007CD8A8 /* iOSQuizUITests.swift */; };
/* End PBXBuildFile section */

/* Begin PBXContainerItemProxy section */
		D6D326231F60DEB1007CD8A8 /* PBXContainerItemProxy */ = {
			isa = PBXContainerItemProxy;
			containerPortal = D6D326061F60DEB1007CD8A8 /* Project object */;
			proxyType = 1;
			remoteGlobalIDString = D6D3260D1F60DEB1007CD8A8;
			remoteInfo = iOSQuiz;
		};
		D6D3262E1F60DEB1007CD8A8 /* PBXContainerItemProxy */ = {
			isa = PBXContainerItemProxy;
			containerPortal = D6D326061F60DEB1007CD8A8 /* Project object */;
			proxyType = 1;
			remoteGlobalIDString = D6D3260D1F60DEB1007CD8A8;
			remoteInfo = iOSQuiz;
		};
/* End PBXContainerItemProxy section */

/* Begin PBXFileReference section */
		D6D3260E1F60DEB1007CD8A8 /* iOSQuiz.app */ = {isa = PBXFileReference; explicitFileType = wrapper.application; includeInIndex = 0; path = iOSQuiz.app; sourceTree = BUILT_PRODUCTS_DIR; };
		D6D326111F60DEB1007CD8A8 /* AppDelegate.swift */ = {isa = PBXFileReference; lastKnownFileType = sourcecode.swift; path = AppDelegate.swift; sourceTree = "<group>"; };
		D6D326131F60DEB1007CD8A8 /* ViewController.swift */ = {isa = PBXFileReference; lastKnownFileType = sourcecode.swift; path = ViewController.swift; sourceTree = "<group>"; };
		D6D326161F60DEB1007CD8A8 /* Base */ = {isa = PBXFileReference; lastKnownFileType = file.storyboard; name = Base; path = Base.lproj/Main.storyboard; sourceTree = "<group>"; };
		D6D326181F60DEB1007CD8A8 /* Assets.xcassets */ = {isa = PBXFileReference; lastKnownFileType = folder.assetcatalog; path = Assets.xcassets; sourceTree = "<group>"; };
		D6D3261B1F60DEB1007CD8A8 /* Base */ = {isa = PBXFileReference; lastKnownFileType = file.storyboard; name = Base; path = Base.lproj/LaunchScreen.storyboard; sourceTree = "<group>"; };
		D6D3261D1F60DEB1007CD8A8 /* Info.plist */ = {isa = PBXFileReference; lastKnownFileType = text.plist.xml; path = Info.plist; sourceTree = "<group>"; };
		D6D326221F60DEB1007CD8A8 /* iOSQuizTests.xctest */ = {isa = PBXFileReference; explicitFileType = wrapper.cfbundle; includeInIndex = 0; path = iOSQuizTests.xctest; sourceTree = BUILT_PRODUCTS_DIR; };
		D6D326261F60DEB1007CD8A8 /* iOSQuizTests.swift */ = {isa = PBXFileReference; lastKnownFileType = sourcecode.swift; path = iOSQuizTests.swift; sourceTree = "<group>"; };
		D6D326281F60DEB1007CD8A8 /* Info.plist */ = {isa = PBXFileReference; lastKnownFileType = text.plist.xml; path = Info.plist; sourceTree = "<group>"; };
		D6D3262D1F60DEB1007CD8A8 /* iOSQuizUITests.xctest */ = {isa = PBXFileReference; explicitFileType = wrapper.cfbundle; includeInIndex = 0; path = iOSQuizUITests.xctest; sourceTree = BUILT_PRODUCTS_DIR; };
		D6D326311F60DEB1007CD8A8 /* iOSQuizUITests.swift */ = {isa = PBXFileReference; lastKnownFileType = sourcecode.swift; path = iOSQuizUITests.swift; sourceTree = "<group>"; };
		D6D326331F60DEB1007CD8A8 /* Info.plist */ = {isa = PBXFileReference; lastKnownFileType = text.plist.xml; path = Info.plist; sourceTree = "<group>"; };
/* End PBXFileReference section */

/* Begin PBXFrameworksBuildPhase section */
		D6D3260B1F60DEB1007CD8A8 /* Frameworks */ = {
			isa = PBXFrameworksBuildPhase;
			buildActionMask = 2147483647;
			files = (
			);
			runOnlyForDeploymentPostprocessing = 0;
		};
		D6D3261F1F60DEB1007CD8A8 /* Frameworks */ = {
			isa = PBXFrameworksBuildPhase;
			buildActionMask = 2147483647;
			files = (
			);
			runOnlyForDeploymentPostprocessing = 0;
		};
		D6D3262A1F60DEB1007CD8A8 /* Frameworks */ = {
			isa = PBXFrameworksBuildPhase;
			buildActionMask = 2147483647;
			files = (
			);
			runOnlyForDeploymentPostprocessing = 0;
		};
/* End PBXFrameworksBuildPhase section */

/* Begin PBXGroup section */
		D6D326051F60DEB1007CD8A8 = {
			isa = PBXGroup;
			children = (
				D6D326101F60DEB1007CD8A8 /* iOSQuiz */,
				D6D326251F60DEB1007CD8A8 /* iOSQuizTests */,
				D6D326301F60DEB1007CD8A8 /* iOSQuizUITests */,
				D6D3260F1F60DEB1007CD8A8 /* Products */,
			);
			sourceTree = "<group>";
		};
		D6D3260F1F60DEB1007CD8A8 /* Products */ = {
			isa = PBXGroup;
			children = (
				D6D3260E1F60DEB1007CD8A8 /* iOSQuiz.app */,
				D6D326221F60DEB1007CD8A8 /* iOSQuizTests.xctest */,
				D6D3262D1F60DEB1007CD8A8 /* iOSQuizUITests.xctest */,
			);
			name = Products;
			sourceTree = "<group>";
		};
		D6D326101F60DEB1007CD8A8 /* iOSQuiz */ = {
			isa = PBXGroup;
			children = (
				D6D326111F60DEB1007CD8A8 /* AppDelegate.swift */,
				D6D326131F60DEB1007CD8A8 /* ViewController.swift */,
				D6D326151F60DEB1007CD8A8 /* Main.storyboard */,
				D6D326181F60DEB1007CD8A8 /* Assets.xcassets */,
				D6D3261A1F60DEB1007CD8A8 /* LaunchScreen.storyboard */,
				D6D3261D1F60DEB1007CD8A8 /* Info.plist */,
			);
			path = iOSQuiz;
			sourceTree = "<group>";
		};
		D6D326251F60DEB1007CD8A8 /* iOSQuizTests */ = {
			isa = PBXGroup;
			children = (
				D6D326261F60DEB1007CD8A8 /* iOSQuizTests.swift */,
				D6D326281F60DEB1007CD8A8 /* Info.plist */,
			);
			path = iOSQuizTests;
			sourceTree = "<group>";
		};
		D6D326301F60DEB1007CD8A8 /* iOSQuizUITests */ = {
			isa = PBXGroup;
			children = (
				D6D326311F60DEB1007CD8A8 /* iOSQuizUITests.swift */,
				D6D326331F60DEB1007CD8A8 /* Info.plist */,
			);
			path = iOSQuizUITests;
			sourceTree = "<group>";
		};
/* End PBXGroup section */

/* Begin PBXNativeTarget section */
		D6D3260D1F60DEB1007CD8A8 /* iOSQuiz */ = {
			isa = PBXNativeTarget;
			buildConfigurationList = D6D326361F60DEB1007CD8A8 /* Build configuration list for PBXNativeTarget "iOSQuiz" */;
			buildPhases = (
				D6D3260A1F60DEB1007CD8A8 /* Sources */,
				D6D3260B1F60DEB1007CD8A8 /* Frameworks */,
				D6D3260C1F60DEB1007CD8A8 /* Resources */,
			);
			buildRules = (
			);
			dependencies = (
			);
			name = iOSQuiz;
			productName = iOSQuiz;
			productReference = D6D3260E1F60DEB1007CD8A8 /* iOSQuiz.app */;
			productType = "com.apple.product-type.application";
		};
		D6D326211F60DEB1007CD8A8 /* iOSQuizTests */ = {
			isa = PBXNativeTarget;
			buildConfigurationList = D6D326391F60DEB1007CD8A8 /* Build configuration list for PBXNativeTarget "iOSQuizTests" */;
			buildPhases = (
				D6D3261E1F60DEB1007CD8A8 /* Sources */,
				D6D3261F1F60DEB1007CD8A8 /* Frameworks */,
				D6D326201F60DEB1007CD8A8 /* Resources */,
			);
			buildRules = (
			);
			dependencies = (
				D6D326241F60DEB1007CD8A8 /* PBXTargetDependency */,
			);
			name = iOSQuizTests;
			productName = iOSQuizTests;
			productReference = D6D326221F60DEB1007CD8A8 /* iOSQuizTests.xctest */;
			productType = "com.apple.product-type.bundle.unit-test";
		};
		D6D3262C1F60DEB1007CD8A8 /* iOSQuizUITests */ = {
			isa = PBXNativeTarget;
			buildConfigurationList = D6D3263C1F60DEB1007CD8A8 /* Build configuration list for PBXNativeTarget "iOSQuizUITests" */;
			buildPhases = (
				D6D326291F60DEB1007CD8A8 /* Sources */,
				D6D3262A1F60DEB1007CD8A8 /* Frameworks */,
				D6D3262B1F60DEB1007CD8A8 /* Resources */,
			);
			buildRules = (
			);
			dependencies = (
				D6D3262F1F60DEB1007CD8A8 /* PBXTargetDependency */,
			);
			name = iOSQuizUITests;
			productName = iOSQuizUITests;
			productReference = D6D3262D1F60DEB1007CD8A8 /* iOSQuizUITests.xctest */;
			productType = "com.apple.product-type.bundle.ui-testing";
		};
/* End PBXNativeTarget section */

/* Begin PBXProject section */
		D6D326061F60DEB1007CD8A8 /* Project object */ = {
			isa = PBXProject;
			attributes = {
				LastSwiftUpdateCheck = 0830;
				LastUpgradeCheck = 0830;
				ORGANIZATIONNAME = "Vinney Le";
				TargetAttributes = {
					D6D3260D1F60DEB1007CD8A8 = {
						CreatedOnToolsVersion = 8.3.3;
						DevelopmentTeam = 6YZUW7H78H;
						ProvisioningStyle = Automatic;
					};
					D6D326211F60DEB1007CD8A8 = {
						CreatedOnToolsVersion = 8.3.3;
						DevelopmentTeam = 6YZUW7H78H;
						ProvisioningStyle = Automatic;
						TestTargetID = D6D3260D1F60DEB1007CD8A8;
					};
					D6D3262C1F60DEB1007CD8A8 = {
						CreatedOnToolsVersion = 8.3.3;
						DevelopmentTeam = 6YZUW7H78H;
						ProvisioningStyle = Automatic;
						TestTargetID = D6D3260D1F60DEB1007CD8A8;
					};
				};
			};
			buildConfigurationList = D6D326091F60DEB1007CD8A8 /* Build configuration list for PBXProject "iOSQuiz" */;
			compatibilityVersion = "Xcode 3.2";
			developmentRegion = English;
			hasScannedForEncodings = 0;
			knownRegions = (
				en,
				Base,
			);
			mainGroup = D6D326051F60DEB1007CD8A8;
			productRefGroup = D6D3260F1F60DEB1007CD8A8 /* Products */;
			projectDirPath = "";
			projectRoot = "";
			targets = (
				D6D3260D1F60DEB1007CD8A8 /* iOSQuiz */,
				D6D326211F60DEB1007CD8A8 /* iOSQuizTests */,
				D6D3262C1F60DEB1007CD8A8 /* iOSQuizUITests */,
			);
		};
/* End PBXProject section */

/* Begin PBXResourcesBuildPhase section */
		D6D3260C1F60DEB1007CD8A8 /* Resources */ = {
			isa = PBXResourcesBuildPhase;
			buildActionMask = 2147483647;
			files = (
				D6D3261C1F60DEB1007CD8A8 /* LaunchScreen.storyboard in Resources */,
				D6D326191F60DEB1007CD8A8 /* Assets.xcassets in Resources */,
				D6D326171F60DEB1007CD8A8 /* Main.storyboard in Resources */,
			);
			runOnlyForDeploymentPostprocessing = 0;
		};
		D6D326201F60DEB1007CD8A8 /* Resources */ = {
			isa = PBXResourcesBuildPhase;
			buildActionMask = 2147483647;
			files = (
			);
			runOnlyForDeploymentPostprocessing = 0;
		};
		D6D3262B1F60DEB1007CD8A8 /* Resources */ = {
			isa = PBXResourcesBuildPhase;
			buildActionMask = 2147483647;
			files = (
			);
			runOnlyForDeploymentPostprocessing = 0;
		};
/* End PBXResourcesBuildPhase section */

/* Begin PBXSourcesBuildPhase section */
		D6D3260A1F60DEB1007CD8A8 /* Sources */ = {
			isa = PBXSourcesBuildPhase;
			buildActionMask = 2147483647;
			files = (
				D6D326141F60DEB1007CD8A8 /* ViewController.swift in Sources */,
				D6D326121F60DEB1007CD8A8 /* AppDelegate.swift in Sources */,
			);
			runOnlyForDeploymentPostprocessing = 0;
		};
		D6D3261E1F60DEB1007CD8A8 /* Sources */ = {
			isa = PBXSourcesBuildPhase;
			buildActionMask = 2147483647;
			files = (
				D6D326271F60DEB1007CD8A8 /* iOSQuizTests.swift in Sources */,
			);
			runOnlyForDeploymentPostprocessing = 0;
		};
		D6D326291F60DEB1007CD8A8 /* Sources */ = {
			isa = PBXSourcesBuildPhase;
			buildActionMask = 2147483647;
			files = (
				D6D326321F60DEB1007CD8A8 /* iOSQuizUITests.swift in Sources */,
			);
			runOnlyForDeploymentPostprocessing = 0;
		};
/* End PBXSourcesBuildPhase section */

/* Begin PBXTargetDependency section */
		D6D326241F60DEB1007CD8A8 /* PBXTargetDependency */ = {
			isa = PBXTargetDependency;
			target = D6D3260D1F60DEB1007CD8A8 /* iOSQuiz */;
			targetProxy = D6D326231F60DEB1007CD8A8 /* PBXContainerItemProxy */;
		};
		D6D3262F1F60DEB1007CD8A8 /* PBXTargetDependency */ = {
			isa = PBXTargetDependency;
			target = D6D3260D1F60DEB1007CD8A8 /* iOSQuiz */;
			targetProxy = D6D3262E1F60DEB1007CD8A8 /* PBXContainerItemProxy */;
		};
/* End PBXTargetDependency section */

/* Begin PBXVariantGroup section */
		D6D326151F60DEB1007CD8A8 /* Main.storyboard */ = {
			isa = PBXVariantGroup;
			children = (
				D6D326161F60DEB1007CD8A8 /* Base */,
			);
			name = Main.storyboard;
			sourceTree = "<group>";
		};
		D6D3261A1F60DEB1007CD8A8 /* LaunchScreen.storyboard */ = {
			isa = PBXVariantGroup;
			children = (
				D6D3261B1F60DEB1007CD8A8 /* Base */,
			);
			name = LaunchScreen.storyboard;
			sourceTree = "<group>";
		};
/* End PBXVariantGroup section */

/* Begin XCBuildConfiguration section */
		D6D326341F60DEB1007CD8A8 /* Debug */ = {
			isa = XCBuildConfiguration;
			buildSettings = {
				ALWAYS_SEARCH_USER_PATHS = NO;
				CLANG_ANALYZER_NONNULL = YES;
				CLANG_ANALYZER_NUMBER_OBJECT_CONVERSION = YES_AGGRESSIVE;
				CLANG_CXX_LANGUAGE_STANDARD = "gnu++0x";
				CLANG_CXX_LIBRARY = "libc++";
				CLANG_ENABLE_MODULES = YES;
				CLANG_ENABLE_OBJC_ARC = YES;
				CLANG_WARN_BOOL_CONVERSION = YES;
				CLANG_WARN_CONSTANT_CONVERSION = YES;
				CLANG_WARN_DIRECT_OBJC_ISA_USAGE = YES_ERROR;
				CLANG_WARN_DOCUMENTATION_COMMENTS = YES;
				CLANG_WARN_EMPTY_BODY = YES;
				CLANG_WARN_ENUM_CONVERSION = YES;
				CLANG_WARN_INFINITE_RECURSION = YES;
				CLANG_WARN_INT_CONVERSION = YES;
				CLANG_WARN_OBJC_ROOT_CLASS = YES_ERROR;
				CLANG_WARN_SUSPICIOUS_MOVE = YES;
				CLANG_WARN_UNREACHABLE_CODE = YES;
				CLANG_WARN__DUPLICATE_METHOD_MATCH = YES;
				"CODE_SIGN_IDENTITY[sdk=iphoneos*]" = "iPhone Developer";
				COPY_PHASE_STRIP = NO;
				DEBUG_INFORMATION_FORMAT = dwarf;
				ENABLE_STRICT_OBJC_MSGSEND = YES;
				ENABLE_TESTABILITY = YES;
				GCC_C_LANGUAGE_STANDARD = gnu99;
				GCC_DYNAMIC_NO_PIC = NO;
				GCC_NO_COMMON_BLOCKS = YES;
				GCC_OPTIMIZATION_LEVEL = 0;
				GCC_PREPROCESSOR_DEFINITIONS = (
					"DEBUG=1",
					"$(inherited)",
				);
				GCC_WARN_64_TO_32_BIT_CONVERSION = YES;
				GCC_WARN_ABOUT_RETURN_TYPE = YES_ERROR;
				GCC_WARN_UNDECLARED_SELECTOR = YES;
				GCC_WARN_UNINITIALIZED_AUTOS = YES_AGGRESSIVE;
				GCC_WARN_UNUSED_FUNCTION = YES;
				GCC_WARN_UNUSED_VARIABLE = YES;
				IPHONEOS_DEPLOYMENT_TARGET = 10.3;
				MTL_ENABLE_DEBUG_INFO = YES;
				ONLY_ACTIVE_ARCH = YES;
				SDKROOT = iphoneos;
				SWIFT_ACTIVE_COMPILATION_CONDITIONS = DEBUG;
				SWIFT_OPTIMIZATION_LEVEL = "-Onone";
				TARGETED_DEVICE_FAMILY = "1,2";
			};
			name = Debug;
		};
		D6D326351F60DEB1007CD8A8 /* Release */ = {
			isa = XCBuildConfiguration;
			buildSettings = {
				ALWAYS_SEARCH_USER_PATHS = NO;
				CLANG_ANALYZER_NONNULL = YES;
				CLANG_ANALYZER_NUMBER_OBJECT_CONVERSION = YES_AGGRESSIVE;
				CLANG_CXX_LANGUAGE_STANDARD = "gnu++0x";
				CLANG_CXX_LIBRARY = "libc++";
				CLANG_ENABLE_MODULES = YES;
				CLANG_ENABLE_OBJC_ARC = YES;
				CLANG_WARN_BOOL_CONVERSION = YES;
				CLANG_WARN_CONSTANT_CONVERSION = YES;
				CLANG_WARN_DIRECT_OBJC_ISA_USAGE = YES_ERROR;
				CLANG_WARN_DOCUMENTATION_COMMENTS = YES;
				CLANG_WARN_EMPTY_BODY = YES;
				CLANG_WARN_ENUM_CONVERSION = YES;
				CLANG_WARN_INFINITE_RECURSION = YES;
				CLANG_WARN_INT_CONVERSION = YES;
				CLANG_WARN_OBJC_ROOT_CLASS = YES_ERROR;
				CLANG_WARN_SUSPICIOUS_MOVE = YES;
				CLANG_WARN_UNREACHABLE_CODE = YES;
				CLANG_WARN__DUPLICATE_METHOD_MATCH = YES;
				"CODE_SIGN_IDENTITY[sdk=iphoneos*]" = "iPhone Developer";
				COPY_PHASE_STRIP = NO;
				DEBUG_INFORMATION_FORMAT = "dwarf-with-dsym";
				ENABLE_NS_ASSERTIONS = NO;
				ENABLE_STRICT_OBJC_MSGSEND = YES;
				GCC_C_LANGUAGE_STANDARD = gnu99;
				GCC_NO_COMMON_BLOCKS = YES;
				GCC_WARN_64_TO_32_BIT_CONVERSION = YES;
				GCC_WARN_ABOUT_RETURN_TYPE = YES_ERROR;
				GCC_WARN_UNDECLARED_SELECTOR = YES;
				GCC_WARN_UNINITIALIZED_AUTOS = YES_AGGRESSIVE;
				GCC_WARN_UNUSED_FUNCTION = YES;
				GCC_WARN_UNUSED_VARIABLE = YES;
				IPHONEOS_DEPLOYMENT_TARGET = 10.3;
				MTL_ENABLE_DEBUG_INFO = NO;
				SDKROOT = iphoneos;
				SWIFT_OPTIMIZATION_LEVEL = "-Owholemodule";
				TARGETED_DEVICE_FAMILY = "1,2";
				VALIDATE_PRODUCT = YES;
			};
			name = Release;
		};
		D6D326371F60DEB1007CD8A8 /* Debug */ = {
			isa = XCBuildConfiguration;
			buildSettings = {
				ASSETCATALOG_COMPILER_APPICON_NAME = AppIcon;
				DEVELOPMENT_TEAM = 6YZUW7H78H;
				INFOPLIST_FILE = iOSQuiz/Info.plist;
				LD_RUNPATH_SEARCH_PATHS = "$(inherited) @executable_path/Frameworks";
				PRODUCT_BUNDLE_IDENTIFIER = vinvivo.iOSQuiz;
				PRODUCT_NAME = "$(TARGET_NAME)";
				SWIFT_VERSION = 3.0;
			};
			name = Debug;
		};
		D6D326381F60DEB1007CD8A8 /* Release */ = {
			isa = XCBuildConfiguration;
			buildSettings = {
				ASSETCATALOG_COMPILER_APPICON_NAME = AppIcon;
				DEVELOPMENT_TEAM = 6YZUW7H78H;
				INFOPLIST_FILE = iOSQuiz/Info.plist;
				LD_RUNPATH_SEARCH_PATHS = "$(inherited) @executable_path/Frameworks";
				PRODUCT_BUNDLE_IDENTIFIER = vinvivo.iOSQuiz;
				PRODUCT_NAME = "$(TARGET_NAME)";
				SWIFT_VERSION = 3.0;
			};
			name = Release;
		};
		D6D3263A1F60DEB1007CD8A8 /* Debug */ = {
			isa = XCBuildConfiguration;
			buildSettings = {
				ALWAYS_EMBED_SWIFT_STANDARD_LIBRARIES = YES;
				BUNDLE_LOADER = "$(TEST_HOST)";
				DEVELOPMENT_TEAM = 6YZUW7H78H;
				INFOPLIST_FILE = iOSQuizTests/Info.plist;
				LD_RUNPATH_SEARCH_PATHS = "$(inherited) @executable_path/Frameworks @loader_path/Frameworks";
				PRODUCT_BUNDLE_IDENTIFIER = vinvivo.iOSQuizTests;
				PRODUCT_NAME = "$(TARGET_NAME)";
				SWIFT_VERSION = 3.0;
				TEST_HOST = "$(BUILT_PRODUCTS_DIR)/iOSQuiz.app/iOSQuiz";
			};
			name = Debug;
		};
		D6D3263B1F60DEB1007CD8A8 /* Release */ = {
			isa = XCBuildConfiguration;
			buildSettings = {
				ALWAYS_EMBED_SWIFT_STANDARD_LIBRARIES = YES;
				BUNDLE_LOADER = "$(TEST_HOST)";
				DEVELOPMENT_TEAM = 6YZUW7H78H;
				INFOPLIST_FILE = iOSQuizTests/Info.plist;
				LD_RUNPATH_SEARCH_PATHS = "$(inherited) @executable_path/Frameworks @loader_path/Frameworks";
				PRODUCT_BUNDLE_IDENTIFIER = vinvivo.iOSQuizTests;
				PRODUCT_NAME = "$(TARGET_NAME)";
				SWIFT_VERSION = 3.0;
				TEST_HOST = "$(BUILT_PRODUCTS_DIR)/iOSQuiz.app/iOSQuiz";
			};
			name = Release;
		};
		D6D3263D1F60DEB1007CD8A8 /* Debug */ = {
			isa = XCBuildConfiguration;
			buildSettings = {
				ALWAYS_EMBED_SWIFT_STANDARD_LIBRARIES = YES;
				DEVELOPMENT_TEAM = 6YZUW7H78H;
				INFOPLIST_FILE = iOSQuizUITests/Info.plist;
				LD_RUNPATH_SEARCH_PATHS = "$(inherited) @executable_path/Frameworks @loader_path/Frameworks";
				PRODUCT_BUNDLE_IDENTIFIER = vinvivo.iOSQuizUITests;
				PRODUCT_NAME = "$(TARGET_NAME)";
				SWIFT_VERSION = 3.0;
				TEST_TARGET_NAME = iOSQuiz;
			};
			name = Debug;
		};
		D6D3263E1F60DEB1007CD8A8 /* Release */ = {
			isa = XCBuildConfiguration;
			buildSettings = {
				ALWAYS_EMBED_SWIFT_STANDARD_LIBRARIES = YES;
				DEVELOPMENT_TEAM = 6YZUW7H78H;
				INFOPLIST_FILE = iOSQuizUITests/Info.plist;
				LD_RUNPATH_SEARCH_PATHS = "$(inherited) @executable_path/Frameworks @loader_path/Frameworks";
				PRODUCT_BUNDLE_IDENTIFIER = vinvivo.iOSQuizUITests;
				PRODUCT_NAME = "$(TARGET_NAME)";
				SWIFT_VERSION = 3.0;
				TEST_TARGET_NAME = iOSQuiz;
			};
			name = Release;
		};
/* End XCBuildConfiguration section */

/* Begin XCConfigurationList section */
		D6D326091F60DEB1007CD8A8 /* Build configuration list for PBXProject "iOSQuiz" */ = {
			isa = XCConfigurationList;
			buildConfigurations = (
				D6D326341F60DEB1007CD8A8 /* Debug */,
				D6D326351F60DEB1007CD8A8 /* Release */,
			);
			defaultConfigurationIsVisible = 0;
			defaultConfigurationName = Release;
		};
		D6D326361F60DEB1007CD8A8 /* Build configuration list for PBXNativeTarget "iOSQuiz" */ = {
			isa = XCConfigurationList;
			buildConfigurations = (
				D6D326371F60DEB1007CD8A8 /* Debug */,
				D6D326381F60DEB1007CD8A8 /* Release */,
			);
			defaultConfigurationIsVisible = 0;
		};
		D6D326391F60DEB1007CD8A8 /* Build configuration list for PBXNativeTarget "iOSQuizTests" */ = {
			isa = XCConfigurationList;
			buildConfigurations = (
				D6D3263A1F60DEB1007CD8A8 /* Debug */,
				D6D3263B1F60DEB1007CD8A8 /* Release */,
			);
			defaultConfigurationIsVisible = 0;
		};
		D6D3263C1F60DEB1007CD8A8 /* Build configuration list for PBXNativeTarget "iOSQuizUITests" */ = {
			isa = XCConfigurationList;
			buildConfigurations = (
				D6D3263D1F60DEB1007CD8A8 /* Debug */,
				D6D3263E1F60DEB1007CD8A8 /* Release */,
			);
			defaultConfigurationIsVisible = 0;
		};
/* End XCConfigurationList section */
	};
	rootObject = D6D326061F60DEB1007CD8A8 /* Project object */;
}
